
Microsoft Visual Studio Solution File, Format Version 11.00
# Visual Studio 2010
# SharpDevelop 4.2.0.8783
Project("{FAE04EC0-301F-11D3-BF4B-00C04F79EFBC}") = "_929_Bilt2020_PlaypenChild", "_929_Bilt2020_PlaypenChild\_929_Bilt2020_PlaypenChild.csproj", "{B60AB0CD-D183-4B30-9C16-E1F2E5BC76B8}"
EndProject
Global
	GlobalSection(SolutionConfigurationPlatforms) = preSolution
		Debug|Any CPU = Debug|Any CPU
		Release|Any CPU = Release|Any CPU
	EndGlobalSection
	GlobalSection(ProjectConfigurationPlatforms) = postSolution
		{B60AB0CD-D183-4B30-9C16-E1F2E5BC76B8}.Debug|Any CPU.Build.0 = Debug|Any CPU
		{B60AB0CD-D183-4B30-9C16-E1F2E5BC76B8}.Debug|Any CPU.ActiveCfg = Debug|Any CPU
		{B60AB0CD-D183-4B30-9C16-E1F2E5BC76B8}.Release|Any CPU.Build.0 = Release|Any CPU
		{B60AB0CD-D183-4B30-9C16-E1F2E5BC76B8}.Release|Any CPU.ActiveCfg = Release|Any CPU
	EndGlobalSection
EndGlobal
